<?xml version="1.0" encoding="utf-8"?>
<Project ToolsVersion="4.0" xmlns="http://schemas.microsoft.com/developer/msbuild/2003">
  <ItemGroup>
    <Filter Include="Source Files">
      <UniqueIdentifier>{1b69ad57-192e-411e-a1a1-1cf77fd50ec5}</UniqueIdentifier>
      <Extensions>cpp;c;cxx;rc;def;r;odl;idl;hpj;bat</Extensions>
    </Filter>
    <Filter Include="Source Files\Package">
      <UniqueIdentifier>{61385abe-1c5f-42ee-b491-e1e9c68912a2}</UniqueIdentifier>
    </Filter>
    <Filter Include="Resource Files">
      <UniqueIdentifier>{143533f6-1523-43a3-90a2-c3c057af5249}</UniqueIdentifier>
      <Extensions>ico;cur;bmp;dlg;rc2;rct;bin;rgs;gif;jpg;jpeg;jpe</Extensions>
    </Filter>
    <Filter Include="Resource Files\Icons">
      <UniqueIdentifier>{86990ab6-7081-465c-ae42-ee14158340ce}</UniqueIdentifier>
    </Filter>
    <Filter Include="Resource Files\Cursors">
      <UniqueIdentifier>{047c03bf-7139-4276-bc13-3ca457975ab1}</UniqueIdentifier>
    </Filter>
    <Filter Include="Dialogs">
      <UniqueIdentifier>{ba742443-185b-451e-944c-7f259b6c2c36}</UniqueIdentifier>
    </Filter>
    <Filter Include="Dialogs\Progress">
      <UniqueIdentifier>{dbec9d52-8226-42f3-ba4c-f30a06b1895f}</UniqueIdentifier>
    </Filter>
    <Filter Include="Classes and Modules">
      <UniqueIdentifier>{56c8e60e-6242-4d27-bd6e-8018a74a434d}</UniqueIdentifier>
    </Filter>
    <Filter Include="Classes and Modules\Rijndael">
      <UniqueIdentifier>{8fd446a4-70d4-422e-9a89-83539e30f751}</UniqueIdentifier>
    </Filter>
    <Filter Include="Classes and Modules\BlowFish">
      <UniqueIdentifier>{464fed64-fe21-41c0-8e44-1b5209773c9b}</UniqueIdentifier>
    </Filter>
    <Filter Include="Classes and Modules\NSWFL">
      <UniqueIdentifier>{42f447a7-803c-4197-b7d5-01b5771375c7}</UniqueIdentifier>
    </Filter>
    <Filter Include="Classes and Modules\SecureDelete">
      <UniqueIdentifier>{18b15c4f-36f6-42cb-9239-81301a607a6d}</UniqueIdentifier>
    </Filter>
    <Filter Include="Classes and Modules\zLib">
      <UniqueIdentifier>{074bdd9a-d626-4759-8a79-aff2214daef0}</UniqueIdentifier>
    </Filter>
    <Filter Include="Classes and Modules\CTrayIcon">
      <UniqueIdentifier>{30a50936-da82-48a9-bb26-9da2e631589e}</UniqueIdentifier>
    </Filter>
    <Filter Include="Classes and Modules\CNASCCL">
      <UniqueIdentifier>{61a8b962-941a-4b2b-814a-9a01a01d6e3d}</UniqueIdentifier>
    </Filter>
    <Filter Include="Classes and Modules\Compression">
      <UniqueIdentifier>{f4872712-6c46-4c0e-b56f-d277fc7a3943}</UniqueIdentifier>
    </Filter>
  </ItemGroup>
  <ItemGroup>
    <ClCompile Include="..\Interface\Source\Entry.Cpp">
      <Filter>Source Files</Filter>
    </ClCompile>
    <ClCompile Include="..\Interface\Source\HardKey.cpp">
      <Filter>Source Files</Filter>
    </ClCompile>
    <ClCompile Include="..\Interface\Source\Init.Cpp">
      <Filter>Source Files</Filter>
    </ClCompile>
    <ClCompile Include="..\Interface\Source\Routines.Cpp">
      <Filter>Source Files</Filter>
    </ClCompile>
    <ClCompile Include="..\Interface\Source\Package.Cpp">
      <Filter>Source Files\Package</Filter>
    </ClCompile>
    <ClCompile Include="..\Interface\Source\PackHeader.Cpp">
      <Filter>Source Files\Package</Filter>
    </ClCompile>
    <ClCompile Include="..\Interface\Source\Workers.cpp">
      <Filter>Source Files\Package</Filter>
    </ClCompile>
    <ClCompile Include="..\Interface\Dialogs\NetLogoDlg.Cpp">
      <Filter>Dialogs</Filter>
    </ClCompile>
    <ClCompile Include="..\Interface\Dialogs\OpenPassDlg.Cpp">
      <Filter>Dialogs</Filter>
    </ClCompile>
    <ClCompile Include="..\Interface\Dialogs\ReplaceFileDlg.Cpp">
      <Filter>Dialogs</Filter>
    </ClCompile>
    <ClCompile Include="..\Interface\Dialogs\ProgressDialog.Cpp">
      <Filter>Dialogs\Progress</Filter>
    </ClCompile>
    <ClCompile Include="..\BlowFish\BlowFish.Cpp">
      <Filter>Classes and Modules\BlowFish</Filter>
    </ClCompile>
    <ClCompile Include="..\NASCCL\NASCCL.cpp">
      <Filter>Classes and Modules\CNASCCL</Filter>
    </ClCompile>
    <ClCompile Include="..\NASCCL\NASCCLBlock.cpp">
      <Filter>Classes and Modules\CNASCCL</Filter>
    </ClCompile>
    <ClCompile Include="..\NASCCL\NASCCLBox.Cpp">
      <Filter>Classes and Modules\CNASCCL</Filter>
    </ClCompile>
    <ClCompile Include="..\NASCCL\NASCCLHashKey.Cpp">
      <Filter>Classes and Modules\CNASCCL</Filter>
    </ClCompile>
    <ClCompile Include="..\NASCCL\NASCCLStream.Cpp">
      <Filter>Classes and Modules\CNASCCL</Filter>
    </ClCompile>
    <ClCompile Include="..\CTrayIcon\CTrayIcon.Cpp">
      <Filter>Classes and Modules\CTrayIcon</Filter>
    </ClCompile>
    <ClCompile Include="..\Rijndael\AESCrypp.C">
      <Filter>Classes and Modules\Rijndael</Filter>
    </ClCompile>
    <ClCompile Include="..\Rijndael\AESKeypp.C">
      <Filter>Classes and Modules\Rijndael</Filter>
    </ClCompile>
    <ClCompile Include="..\Rijndael\AESTab.C">
      <Filter>Classes and Modules\Rijndael</Filter>
    </ClCompile>
    <ClCompile Include="..\SecureDeleteLibrary\SecureDelete.Cpp">
      <Filter>Classes and Modules\SecureDelete</Filter>
    </ClCompile>
    <ClCompile Include="..\NSWFL\NSWFL_Base64.cpp">
      <Filter>Classes and Modules\NSWFL</Filter>
    </ClCompile>
    <ClCompile Include="..\NSWFL\NSWFL_CommandLineParser.Cpp">
      <Filter>Classes and Modules\NSWFL</Filter>
    </ClCompile>
    <ClCompile Include="..\NSWFL\NSWFL_Conversion.Cpp">
      <Filter>Classes and Modules\NSWFL</Filter>
    </ClCompile>
    <ClCompile Include="..\NSWFL\NSWFL_CRC32.Cpp">
      <Filter>Classes and Modules\NSWFL</Filter>
    </ClCompile>
    <ClCompile Include="..\NSWFL\NSWFL_DateTime.Cpp">
      <Filter>Classes and Modules\NSWFL</Filter>
    </ClCompile>
    <ClCompile Include="..\NSWFL\NSWFL_Debug.Cpp">
      <Filter>Classes and Modules\NSWFL</Filter>
    </ClCompile>
    <ClCompile Include="..\NSWFL\NSWFL_File.Cpp">
      <Filter>Classes and Modules\NSWFL</Filter>
    </ClCompile>
    <ClCompile Include="..\NSWFL\NSWFL_Graphics.Cpp">
      <Filter>Classes and Modules\NSWFL</Filter>
    </ClCompile>
    <ClCompile Include="..\NSWFL\NSWFL_HighPrecisionTimer.cpp">
      <Filter>Classes and Modules\NSWFL</Filter>
    </ClCompile>
    <ClCompile Include="..\NSWFL\NSWFL_InsecureInterface.Cpp">
      <Filter>Classes and Modules\NSWFL</Filter>
    </ClCompile>
    <ClCompile Include="..\NSWFL\NSWFL_IsolationLock.cpp">
      <Filter>Classes and Modules\NSWFL</Filter>
    </ClCompile>
    <ClCompile Include="..\NSWFL\NSWFL_KeyGeneration.Cpp">
      <Filter>Classes and Modules\NSWFL</Filter>
    </ClCompile>
    <ClCompile Include="..\NSWFL\NSWFL_ListBox.Cpp">
      <Filter>Classes and Modules\NSWFL</Filter>
    </ClCompile>
    <ClCompile Include="..\NSWFL\NSWFL_ListView.Cpp">
      <Filter>Classes and Modules\NSWFL</Filter>
    </ClCompile>
    <ClCompile Include="..\NSWFL\NSWFL_Math.Cpp">
      <Filter>Classes and Modules\NSWFL</Filter>
    </ClCompile>
    <ClCompile Include="..\NSWFL\NSWFL_Memory.Cpp">
      <Filter>Classes and Modules\NSWFL</Filter>
    </ClCompile>
    <ClCompile Include="..\NSWFL\NSWFL_MemoryPool.Cpp">
      <Filter>Classes and Modules\NSWFL</Filter>
    </ClCompile>
    <ClCompile Include="..\NSWFL\NSWFL_Menu.Cpp">
      <Filter>Classes and Modules\NSWFL</Filter>
    </ClCompile>
    <ClCompile Include="..\NSWFL\NSWFL_Queue.Cpp">
      <Filter>Classes and Modules\NSWFL</Filter>
    </ClCompile>
    <ClCompile Include="..\NSWFL\NSWFL_Registry.Cpp">
      <Filter>Classes and Modules\NSWFL</Filter>
    </ClCompile>
    <ClCompile Include="..\NSWFL\NSWFL_SHA1.cpp">
      <Filter>Classes and Modules\NSWFL</Filter>
    </ClCompile>
    <ClCompile Include="..\NSWFL\NSWFL_Stack.cpp">
      <Filter>Classes and Modules\NSWFL</Filter>
    </ClCompile>
    <ClCompile Include="..\NSWFL\NSWFL_String.Cpp">
      <Filter>Classes and Modules\NSWFL</Filter>
    </ClCompile>
    <ClCompile Include="..\NSWFL\NSWFL_StringBuilder.Cpp">
      <Filter>Classes and Modules\NSWFL</Filter>
    </ClCompile>
    <ClCompile Include="..\NSWFL\NSWFL_System.Cpp">
      <Filter>Classes and Modules\NSWFL</Filter>
    </ClCompile>
    <ClCompile Include="..\NSWFL\NSWFL_Types.Cpp">
      <Filter>Classes and Modules\NSWFL</Filter>
    </ClCompile>
    <ClCompile Include="..\NSWFL\NSWFL_URLEncoding.Cpp">
      <Filter>Classes and Modules\NSWFL</Filter>
    </ClCompile>
    <ClCompile Include="..\NSWFL\NSWFL_Windows.Cpp">
      <Filter>Classes and Modules\NSWFL</Filter>
    </ClCompile>
    <ClCompile Include="..\NSWFL\NSWFL_XMLReader.Cpp">
      <Filter>Classes and Modules\NSWFL</Filter>
    </ClCompile>
    <ClCompile Include="..\NSWFL\NSWFL_XMLWriter.Cpp">
      <Filter>Classes and Modules\NSWFL</Filter>
    </ClCompile>
    <ClCompile Include="..\Compression\zLib\adler32.c">
      <Filter>Classes and Modules\zLib</Filter>
    </ClCompile>
    <ClCompile Include="..\Compression\zLib\compress.c">
      <Filter>Classes and Modules\zLib</Filter>
    </ClCompile>
    <ClCompile Include="..\Compression\zLib\deflate.c">
      <Filter>Classes and Modules\zLib</Filter>
    </ClCompile>
    <ClCompile Include="..\Compression\zLib\gzio.c">
      <Filter>Classes and Modules\zLib</Filter>
    </ClCompile>
    <ClCompile Include="..\Compression\zLib\infback.c">
      <Filter>Classes and Modules\zLib</Filter>
    </ClCompile>
    <ClCompile Include="..\Compression\zLib\inffast.c">
      <Filter>Classes and Modules\zLib</Filter>
    </ClCompile>
    <ClCompile Include="..\Compression\zLib\inflate.c">
      <Filter>Classes and Modules\zLib</Filter>
    </ClCompile>
    <ClCompile Include="..\Compression\zLib\inftrees.c">
      <Filter>Classes and Modules\zLib</Filter>
    </ClCompile>
    <ClCompile Include="..\Compression\zLib\trees.c">
      <Filter>Classes and Modules\zLib</Filter>
    </ClCompile>
    <ClCompile Include="..\Compression\zLib\uncompr.c">
      <Filter>Classes and Modules\zLib</Filter>
    </ClCompile>
    <ClCompile Include="..\Compression\zLib\zLibcrc32.c">
      <Filter>Classes and Modules\zLib</Filter>
    </ClCompile>
    <ClCompile Include="..\Compression\zLib\ZLibEncapsulation.Cpp">
      <Filter>Classes and Modules\zLib</Filter>
    </ClCompile>
    <ClCompile Include="..\Compression\zLib\zutil.c">
      <Filter>Classes and Modules\zLib</Filter>
    </ClCompile>
  </ItemGroup>
  <ItemGroup>
    <ClInclude Include="..\Interface\Source\Entry.H">
      <Filter>Source Files</Filter>
    </ClInclude>
    <ClInclude Include="..\Interface\Source\HardKey.H">
      <Filter>Source Files</Filter>
    </ClInclude>
    <ClInclude Include="..\Interface\Source\Init.H">
      <Filter>Source Files</Filter>
    </ClInclude>
    <ClInclude Include="..\Interface\Source\Routines.H">
      <Filter>Source Files</Filter>
    </ClInclude>
    <ClInclude Include="..\Interface\Source\Package.H">
      <Filter>Source Files\Package</Filter>
    </ClInclude>
    <ClInclude Include="..\Interface\Source\PackHeader.h">
      <Filter>Source Files\Package</Filter>
    </ClInclude>
    <ClInclude Include="..\Interface\Source\Workers.H">
      <Filter>Source Files\Package</Filter>
    </ClInclude>
    <ClInclude Include="Resources\resource.h">
      <Filter>Resource Files</Filter>
    </ClInclude>
    <ClInclude Include="..\Interface\Dialogs\NetLogoDlg.H">
      <Filter>Dialogs</Filter>
    </ClInclude>
    <ClInclude Include="..\Interface\Dialogs\OpenPassDlg.H">
      <Filter>Dialogs</Filter>
    </ClInclude>
    <ClInclude Include="..\Interface\Dialogs\ReplaceFileDlg.H">
      <Filter>Dialogs</Filter>
    </ClInclude>
    <ClInclude Include="..\Interface\Dialogs\ProgressDialog.H">
      <Filter>Dialogs\Progress</Filter>
    </ClInclude>
    <ClInclude Include="..\BlowFish\BlowFish.H">
      <Filter>Classes and Modules\BlowFish</Filter>
    </ClInclude>
    <ClInclude Include="..\BlowFish\SBoxes.H">
      <Filter>Classes and Modules\BlowFish</Filter>
    </ClInclude>
    <ClInclude Include="..\NASCCL\NASCCL.H">
      <Filter>Classes and Modules\CNASCCL</Filter>
    </ClInclude>
    <ClInclude Include="..\NASCCL\NASCCLBlock.h">
      <Filter>Classes and Modules\CNASCCL</Filter>
    </ClInclude>
    <ClInclude Include="..\NASCCL\NASCCLStream.H">
      <Filter>Classes and Modules\CNASCCL</Filter>
    </ClInclude>
    <ClInclude Include="..\CTrayIcon\CTrayIcon.H">
      <Filter>Classes and Modules\CTrayIcon</Filter>
    </ClInclude>
    <ClInclude Include="..\Rijndael\AES.H">
      <Filter>Classes and Modules\Rijndael</Filter>
    </ClInclude>
    <ClInclude Include="..\Rijndael\AESOpt.H">
      <Filter>Classes and Modules\Rijndael</Filter>
    </ClInclude>
    <ClInclude Include="..\Rijndael\Rijndael.H">
      <Filter>Classes and Modules\Rijndael</Filter>
    </ClInclude>
    <ClInclude Include="..\SecureDeleteLibrary\Defrag.h">
      <Filter>Classes and Modules\SecureDelete</Filter>
    </ClInclude>
    <ClInclude Include="..\SecureDeleteLibrary\SecureDelete.H">
      <Filter>Classes and Modules\SecureDelete</Filter>
    </ClInclude>
    <ClInclude Include="..\NSWFL\NSWFL.h">
      <Filter>Classes and Modules\NSWFL</Filter>
    </ClInclude>
    <ClInclude Include="..\NSWFL\NSWFL_Base64.h">
      <Filter>Classes and Modules\NSWFL</Filter>
    </ClInclude>
    <ClInclude Include="..\NSWFL\NSWFL_CommandLineParser.H">
      <Filter>Classes and Modules\NSWFL</Filter>
    </ClInclude>
    <ClInclude Include="..\NSWFL\NSWFL_Conversion.H">
      <Filter>Classes and Modules\NSWFL</Filter>
    </ClInclude>
    <ClInclude Include="..\NSWFL\NSWFL_CRC32.H">
      <Filter>Classes and Modules\NSWFL</Filter>
    </ClInclude>
    <ClInclude Include="..\NSWFL\NSWFL_DateTime.H">
      <Filter>Classes and Modules\NSWFL</Filter>
    </ClInclude>
    <ClInclude Include="..\NSWFL\NSWFL_Debug.H">
      <Filter>Classes and Modules\NSWFL</Filter>
    </ClInclude>
    <ClInclude Include="..\NSWFL\NSWFL_File.H">
      <Filter>Classes and Modules\NSWFL</Filter>
    </ClInclude>
    <ClInclude Include="..\NSWFL\NSWFL_Graphics.H">
      <Filter>Classes and Modules\NSWFL</Filter>
    </ClInclude>
    <ClInclude Include="..\NSWFL\NSWFL_HighPrecisionTimer.h">
      <Filter>Classes and Modules\NSWFL</Filter>
    </ClInclude>
    <ClInclude Include="..\NSWFL\NSWFL_InsecureInterface.H">
      <Filter>Classes and Modules\NSWFL</Filter>
    </ClInclude>
    <ClInclude Include="..\NSWFL\NSWFL_IsolationLock.h">
      <Filter>Classes and Modules\NSWFL</Filter>
    </ClInclude>
    <ClInclude Include="..\NSWFL\NSWFL_KeyGeneration.H">
      <Filter>Classes and Modules\NSWFL</Filter>
    </ClInclude>
    <ClInclude Include="..\NSWFL\NSWFL_ListBox.H">
      <Filter>Classes and Modules\NSWFL</Filter>
    </ClInclude>
    <ClInclude Include="..\NSWFL\NSWFL_ListView.H">
      <Filter>Classes and Modules\NSWFL</Filter>
    </ClInclude>
    <ClInclude Include="..\NSWFL\NSWFL_Math.H">
      <Filter>Classes and Modules\NSWFL</Filter>
    </ClInclude>
    <ClInclude Include="..\NSWFL\NSWFL_Memory.H">
      <Filter>Classes and Modules\NSWFL</Filter>
    </ClInclude>
    <ClInclude Include="..\NSWFL\NSWFL_MemoryPool.H">
      <Filter>Classes and Modules\NSWFL</Filter>
    </ClInclude>
    <ClInclude Include="..\NSWFL\NSWFL_Menu.H">
      <Filter>Classes and Modules\NSWFL</Filter>
    </ClInclude>
    <ClInclude Include="..\NSWFL\NSWFL_Queue.H">
      <Filter>Classes and Modules\NSWFL</Filter>
    </ClInclude>
    <ClInclude Include="..\NSWFL\NSWFL_Registry.H">
      <Filter>Classes and Modules\NSWFL</Filter>
    </ClInclude>
    <ClInclude Include="..\NSWFL\NSWFL_SHA1.h">
      <Filter>Classes and Modules\NSWFL</Filter>
    </ClInclude>
    <ClInclude Include="..\NSWFL\NSWFL_Stack.H">
      <Filter>Classes and Modules\NSWFL</Filter>
    </ClInclude>
    <ClInclude Include="..\NSWFL\NSWFL_String.H">
      <Filter>Classes and Modules\NSWFL</Filter>
    </ClInclude>
    <ClInclude Include="..\NSWFL\NSWFL_StringBuilder.H">
      <Filter>Classes and Modules\NSWFL</Filter>
    </ClInclude>
    <ClInclude Include="..\NSWFL\NSWFL_StringBuilderArray.H">
      <Filter>Classes and Modules\NSWFL</Filter>
    </ClInclude>
    <ClInclude Include="..\NSWFL\NSWFL_System.H">
      <Filter>Classes and Modules\NSWFL</Filter>
    </ClInclude>
    <ClInclude Include="..\NSWFL\NSWFL_Types.H">
      <Filter>Classes and Modules\NSWFL</Filter>
    </ClInclude>
    <ClInclude Include="..\NSWFL\NSWFL_URLEncoding.H">
      <Filter>Classes and Modules\NSWFL</Filter>
    </ClInclude>
    <ClInclude Include="..\NSWFL\NSWFL_VectorBinary.H">
      <Filter>Classes and Modules\NSWFL</Filter>
    </ClInclude>
    <ClInclude Include="..\NSWFL\NSWFL_VectorString.H">
      <Filter>Classes and Modules\NSWFL</Filter>
    </ClInclude>
    <ClInclude Include="..\NSWFL\NSWFL_VectorT.H">
      <Filter>Classes and Modules\NSWFL</Filter>
    </ClInclude>
    <ClInclude Include="..\NSWFL\NSWFL_Windows.H">
      <Filter>Classes and Modules\NSWFL</Filter>
    </ClInclude>
    <ClInclude Include="..\NSWFL\NSWFL_XML.H">
      <Filter>Classes and Modules\NSWFL</Filter>
    </ClInclude>
    <ClInclude Include="..\NSWFL\NSWFL_XMLReader.H">
      <Filter>Classes and Modules\NSWFL</Filter>
    </ClInclude>
    <ClInclude Include="..\NSWFL\NSWFL_XMLWriter.H">
      <Filter>Classes and Modules\NSWFL</Filter>
    </ClInclude>
    <ClInclude Include="..\Compression\zLib\deflate.h">
      <Filter>Classes and Modules\zLib</Filter>
    </ClInclude>
    <ClInclude Include="..\Compression\zLib\inffast.h">
      <Filter>Classes and Modules\zLib</Filter>
    </ClInclude>
    <ClInclude Include="..\Compression\zLib\inffixed.h">
      <Filter>Classes and Modules\zLib</Filter>
    </ClInclude>
    <ClInclude Include="..\Compression\zLib\inflate.h">
      <Filter>Classes and Modules\zLib</Filter>
    </ClInclude>
    <ClInclude Include="..\Compression\zLib\inftrees.h">
      <Filter>Classes and Modules\zLib</Filter>
    </ClInclude>
    <ClInclude Include="..\Compression\zLib\trees.h">
      <Filter>Classes and Modules\zLib</Filter>
    </ClInclude>
    <ClInclude Include="..\Compression\zLib\zConf.h">
      <Filter>Classes and Modules\zLib</Filter>
    </ClInclude>
    <ClInclude Include="..\Compression\zLib\zLib.h">
      <Filter>Classes and Modules\zLib</Filter>
    </ClInclude>
    <ClInclude Include="..\Compression\zLib\zLibcrc32.h">
      <Filter>Classes and Modules\zLib</Filter>
    </ClInclude>
    <ClInclude Include="..\Compression\zLib\ZLibEncapsulation.H">
      <Filter>Classes and Modules\zLib</Filter>
    </ClInclude>
    <ClInclude Include="..\Compression\zLib\zutil.h">
      <Filter>Classes and Modules\zLib</Filter>
    </ClInclude>
  </ItemGroup>
  <ItemGroup>
    <ResourceCompile Include="Resources\Resource.rc">
      <Filter>Resource Files</Filter>
    </ResourceCompile>
  </ItemGroup>
  <ItemGroup>
    <None Include="Resources\TrayStat\TrayStat (0).ico">
      <Filter>Resource Files</Filter>
    </None>
    <None Include="Resources\TrayStat\TrayStat (1).ico">
      <Filter>Resource Files</Filter>
    </None>
    <None Include="Resources\TrayStat\TrayStat (10).ico">
      <Filter>Resource Files</Filter>
    </None>
    <None Include="Resources\TrayStat\TrayStat (11).ico">
      <Filter>Resource Files</Filter>
    </None>
    <None Include="Resources\TrayStat\TrayStat (12).ico">
      <Filter>Resource Files</Filter>
    </None>
    <None Include="Resources\TrayStat\TrayStat (13).ico">
      <Filter>Resource Files</Filter>
    </None>
    <None Include="Resources\TrayStat\TrayStat (14).ico">
      <Filter>Resource Files</Filter>
    </None>
    <None Include="Resources\TrayStat\TrayStat (15).ico">
      <Filter>Resource Files</Filter>
    </None>
    <None Include="Resources\TrayStat\TrayStat (16).ico">
      <Filter>Resource Files</Filter>
    </None>
    <None Include="Resources\TrayStat\TrayStat (2).ico">
      <Filter>Resource Files</Filter>
    </None>
    <None Include="Resources\TrayStat\TrayStat (3).ico">
      <Filter>Resource Files</Filter>
    </None>
    <None Include="Resources\TrayStat\TrayStat (4).ico">
      <Filter>Resource Files</Filter>
    </None>
    <None Include="Resources\TrayStat\TrayStat (5).ico">
      <Filter>Resource Files</Filter>
    </None>
    <None Include="Resources\TrayStat\TrayStat (6).ico">
      <Filter>Resource Files</Filter>
    </None>
    <None Include="Resources\TrayStat\TrayStat (7).ico">
      <Filter>Resource Files</Filter>
    </None>
    <None Include="Resources\TrayStat\TrayStat (8).ico">
      <Filter>Resource Files</Filter>
    </None>
    <None Include="Resources\TrayStat\TrayStat (9).ico">
      <Filter>Resource Files</Filter>
    </None>
    <None Include="Resources\MainIcon.ico">
      <Filter>Resource Files\Icons</Filter>
    </None>
    <None Include="Resources\HandCur.cur">
      <Filter>Resource Files\Cursors</Filter>
    </None>
    <None Include="..\BlowFish\LICENSE">
      <Filter>Classes and Modules\BlowFish</Filter>
    </None>
    <None Include="..\BlowFish\README.md">
      <Filter>Classes and Modules\BlowFish</Filter>
    </None>
    <None Include="..\NASCCL\LICENSE">
      <Filter>Classes and Modules\CNASCCL</Filter>
    </None>
    <None Include="..\NASCCL\README.md">
      <Filter>Classes and Modules\CNASCCL</Filter>
    </None>
    <None Include="..\CTrayIcon\LICENSE">
      <Filter>Classes and Modules\CTrayIcon</Filter>
    </None>
    <None Include="..\CTrayIcon\README.md">
      <Filter>Classes and Modules\CTrayIcon</Filter>
    </None>
    <None Include="..\Rijndael\LICENSE">
      <Filter>Classes and Modules\Rijndael</Filter>
    </None>
    <None Include="..\Rijndael\README.md">
      <Filter>Classes and Modules\Rijndael</Filter>
    </None>
    <None Include="..\SecureDeleteLibrary\LICENSE">
      <Filter>Classes and Modules\SecureDelete</Filter>
    </None>
    <None Include="..\SecureDeleteLibrary\README.md">
      <Filter>Classes and Modules\SecureDelete</Filter>
    </None>
    <None Include="..\NSWFL\.gitignore">
      <Filter>Classes and Modules\NSWFL</Filter>
    </None>
    <None Include="..\NSWFL\LICENSE">
      <Filter>Classes and Modules\NSWFL</Filter>
    </None>
    <None Include="..\NSWFL\README.md">
      <Filter>Classes and Modules\NSWFL</Filter>
    </None>
  </ItemGroup>
</Project>